
Microsoft Visual Studio Solution File, Format Version 12.00
# Visual Studio Version 17
VisualStudioVersion = 17.0.31919.166
MinimumVisualStudioVersion = 10.0.40219.1
Project("{9A19103F-16F7-4668-BE54-9A1E7A4F7556}") = "DormitoryApplication", "DormitoryApplication\DormitoryApplication.csproj", "{FA684054-15D5-457F-9793-A3B565B86C87}"
EndProject
Global
	GlobalSection(SolutionConfigurationPlatforms) = preSolution
		Debug|Any CPU = Debug|Any CPU
		Release|Any CPU = Release|Any CPU
	EndGlobalSection
	GlobalSection(ProjectConfigurationPlatforms) = postSolution
		{FA684054-15D5-457F-9793-A3B565B86C87}.Debug|Any CPU.ActiveCfg = Debug|Any CPU
		{FA684054-15D5-457F-9793-A3B565B86C87}.Debug|Any CPU.Build.0 = Debug|Any CPU
		{FA684054-15D5-457F-9793-A3B565B86C87}.Release|Any CPU.ActiveCfg = Release|Any CPU
		{FA684054-15D5-457F-9793-A3B565B86C87}.Release|Any CPU.Build.0 = Release|Any CPU
	EndGlobalSection
	GlobalSection(SolutionProperties) = preSolution
		HideSolutionNode = FALSE
	EndGlobalSection
	GlobalSection(ExtensibilityGlobals) = postSolution
		SolutionGuid = {33F5C608-7E71-4136-8AEA-89B0BDBD7C6F}
	EndGlobalSection
EndGlobal
